
Microsoft Visual Studio Solution File, Format Version 12.00
# Visual Studio 15
VisualStudioVersion = 15.0.27703.2042
MinimumVisualStudioVersion = 10.0.40219.1
Project("{FAE04EC0-301F-11D3-BF4B-00C04F79EFBC}") = "LetsShop", "LetsShop_t\LetsShop.csproj", "{E2B3ECF8-854C-47C3-99C3-906F6F0E4B33}"
EndProject
Project("{FAE04EC0-301F-11D3-BF4B-00C04F79EFBC}") = "LetsShopService", "LetsShopService\LetsShopService.csproj", "{E4060802-7827-4615-B9B0-22BB1C18F977}"
EndProject
Global
	GlobalSection(SolutionConfigurationPlatforms) = preSolution
		Debug|Any CPU = Debug|Any CPU
		Debug|ARM = Debug|ARM
		Debug|x64 = Debug|x64
		Debug|x86 = Debug|x86
		Release|Any CPU = Release|Any CPU
		Release|ARM = Release|ARM
		Release|x64 = Release|x64
		Release|x86 = Release|x86
	EndGlobalSection
	GlobalSection(ProjectConfigurationPlatforms) = postSolution
		{E2B3ECF8-854C-47C3-99C3-906F6F0E4B33}.Debug|Any CPU.ActiveCfg = Debug|Any CPU
		{E2B3ECF8-854C-47C3-99C3-906F6F0E4B33}.Debug|Any CPU.Build.0 = Debug|Any CPU
		{E2B3ECF8-854C-47C3-99C3-906F6F0E4B33}.Debug|ARM.ActiveCfg = Debug|Any CPU
		{E2B3ECF8-854C-47C3-99C3-906F6F0E4B33}.Debug|ARM.Build.0 = Debug|Any CPU
		{E2B3ECF8-854C-47C3-99C3-906F6F0E4B33}.Debug|x64.ActiveCfg = Debug|Any CPU
		{E2B3ECF8-854C-47C3-99C3-906F6F0E4B33}.Debug|x64.Build.0 = Debug|Any CPU
		{E2B3ECF8-854C-47C3-99C3-906F6F0E4B33}.Debug|x86.ActiveCfg = Debug|Any CPU
		{E2B3ECF8-854C-47C3-99C3-906F6F0E4B33}.Debug|x86.Build.0 = Debug|Any CPU
		{E2B3ECF8-854C-47C3-99C3-906F6F0E4B33}.Release|Any CPU.ActiveCfg = Release|Any CPU
		{E2B3ECF8-854C-47C3-99C3-906F6F0E4B33}.Release|Any CPU.Build.0 = Release|Any CPU
		{E2B3ECF8-854C-47C3-99C3-906F6F0E4B33}.Release|ARM.ActiveCfg = Release|Any CPU
		{E2B3ECF8-854C-47C3-99C3-906F6F0E4B33}.Release|ARM.Build.0 = Release|Any CPU
		{E2B3ECF8-854C-47C3-99C3-906F6F0E4B33}.Release|x64.ActiveCfg = Release|Any CPU
		{E2B3ECF8-854C-47C3-99C3-906F6F0E4B33}.Release|x64.Build.0 = Release|Any CPU
		{E2B3ECF8-854C-47C3-99C3-906F6F0E4B33}.Release|x86.ActiveCfg = Release|Any CPU
		{E2B3ECF8-854C-47C3-99C3-906F6F0E4B33}.Release|x86.Build.0 = Release|Any CPU
		{E4060802-7827-4615-B9B0-22BB1C18F977}.Debug|Any CPU.ActiveCfg = Debug|Any CPU
		{E4060802-7827-4615-B9B0-22BB1C18F977}.Debug|Any CPU.Build.0 = Debug|Any CPU
		{E4060802-7827-4615-B9B0-22BB1C18F977}.Debug|ARM.ActiveCfg = Debug|Any CPU
		{E4060802-7827-4615-B9B0-22BB1C18F977}.Debug|ARM.Build.0 = Debug|Any CPU
		{E4060802-7827-4615-B9B0-22BB1C18F977}.Debug|x64.ActiveCfg = Debug|Any CPU
		{E4060802-7827-4615-B9B0-22BB1C18F977}.Debug|x64.Build.0 = Debug|Any CPU
		{E4060802-7827-4615-B9B0-22BB1C18F977}.Debug|x86.ActiveCfg = Debug|Any CPU
		{E4060802-7827-4615-B9B0-22BB1C18F977}.Debug|x86.Build.0 = Debug|Any CPU
		{E4060802-7827-4615-B9B0-22BB1C18F977}.Release|Any CPU.ActiveCfg = Release|Any CPU
		{E4060802-7827-4615-B9B0-22BB1C18F977}.Release|Any CPU.Build.0 = Release|Any CPU
		{E4060802-7827-4615-B9B0-22BB1C18F977}.Release|ARM.ActiveCfg = Release|Any CPU
		{E4060802-7827-4615-B9B0-22BB1C18F977}.Release|ARM.Build.0 = Release|Any CPU
		{E4060802-7827-4615-B9B0-22BB1C18F977}.Release|x64.ActiveCfg = Release|Any CPU
		{E4060802-7827-4615-B9B0-22BB1C18F977}.Release|x64.Build.0 = Release|Any CPU
		{E4060802-7827-4615-B9B0-22BB1C18F977}.Release|x86.ActiveCfg = Release|Any CPU
		{E4060802-7827-4615-B9B0-22BB1C18F977}.Release|x86.Build.0 = Release|Any CPU
	EndGlobalSection
	GlobalSection(SolutionProperties) = preSolution
		HideSolutionNode = FALSE
	EndGlobalSection
	GlobalSection(ExtensibilityGlobals) = postSolution
		SolutionGuid = {7E745E0E-FA7B-4D0F-8676-05E85EE14E73}
	EndGlobalSection
EndGlobal
